// !$*UTF8*$!
{
	archiveVersion = 1;
	classes = {
	};
	objectVersion = 50;
	objects = {

/* Begin PBXBuildFile section */
		C4B2591322BFD18300098AC8 /* AppDelegate.swift in Sources */ = {isa = PBXBuildFile; fileRef = C4B2591222BFD18300098AC8 /* AppDelegate.swift */; };
		C4B2591522BFD18300098AC8 /* ViewController.swift in Sources */ = {isa = PBXBuildFile; fileRef = C4B2591422BFD18300098AC8 /* ViewController.swift */; };
		C4B2591822BFD18300098AC8 /* Main.storyboard in Resources */ = {isa = PBXBuildFile; fileRef = C4B2591622BFD18300098AC8 /* Main.storyboard */; };
		C4B2591B22BFD18300098AC8 /* GetLocationInBackground.xcdatamodeld in Sources */ = {isa = PBXBuildFile; fileRef = C4B2591922BFD18300098AC8 /* GetLocationInBackground.xcdatamodeld */; };
		C4B2591D22BFD18500098AC8 /* Assets.xcassets in Resources */ = {isa = PBXBuildFile; fileRef = C4B2591C22BFD18500098AC8 /* Assets.xcassets */; };
		C4B2592022BFD18500098AC8 /* LaunchScreen.storyboard in Resources */ = {isa = PBXBuildFile; fileRef = C4B2591E22BFD18500098AC8 /* LaunchScreen.storyboard */; };
		C4B2592B22BFD18500098AC8 /* GetLocationInBackgroundTests.swift in Sources */ = {isa = PBXBuildFile; fileRef = C4B2592A22BFD18500098AC8 /* GetLocationInBackgroundTests.swift */; };
		C4B2593622BFD18500098AC8 /* GetLocationInBackgroundUITests.swift in Sources */ = {isa = PBXBuildFile; fileRef = C4B2593522BFD18500098AC8 /* GetLocationInBackgroundUITests.swift */; };
/* End PBXBuildFile section */

/* Begin PBXContainerItemProxy section */
		C4B2592722BFD18500098AC8 /* PBXContainerItemProxy */ = {
			isa = PBXContainerItemProxy;
			containerPortal = C4B2590722BFD18300098AC8 /* Project object */;
			proxyType = 1;
			remoteGlobalIDString = C4B2590E22BFD18300098AC8;
			remoteInfo = GetLocationInBackground;
		};
		C4B2593222BFD18500098AC8 /* PBXContainerItemProxy */ = {
			isa = PBXContainerItemProxy;
			containerPortal = C4B2590722BFD18300098AC8 /* Project object */;
			proxyType = 1;
			remoteGlobalIDString = C4B2590E22BFD18300098AC8;
			remoteInfo = GetLocationInBackground;
		};
/* End PBXContainerItemProxy section */

/* Begin PBXFileReference section */
		C4B2590F22BFD18300098AC8 /* GetLocationInBackground.app */ = {isa = PBXFileReference; explicitFileType = wrapper.application; includeInIndex = 0; path = GetLocationInBackground.app; sourceTree = BUILT_PRODUCTS_DIR; };
		C4B2591222BFD18300098AC8 /* AppDelegate.swift */ = {isa = PBXFileReference; lastKnownFileType = sourcecode.swift; path = AppDelegate.swift; sourceTree = "<group>"; };
		C4B2591422BFD18300098AC8 /* ViewController.swift */ = {isa = PBXFileReference; lastKnownFileType = sourcecode.swift; path = ViewController.swift; sourceTree = "<group>"; };
		C4B2591722BFD18300098AC8 /* Base */ = {isa = PBXFileReference; lastKnownFileType = file.storyboard; name = Base; path = Base.lproj/Main.storyboard; sourceTree = "<group>"; };
		C4B2591A22BFD18300098AC8 /* GetLocationInBackground.xcdatamodel */ = {isa = PBXFileReference; lastKnownFileType = wrapper.xcdatamodel; path = GetLocationInBackground.xcdatamodel; sourceTree = "<group>"; };
		C4B2591C22BFD18500098AC8 /* Assets.xcassets */ = {isa = PBXFileReference; lastKnownFileType = folder.assetcatalog; path = Assets.xcassets; sourceTree = "<group>"; };
		C4B2591F22BFD18500098AC8 /* Base */ = {isa = PBXFileReference; lastKnownFileType = file.storyboard; name = Base; path = Base.lproj/LaunchScreen.storyboard; sourceTree = "<group>"; };
		C4B2592122BFD18500098AC8 /* Info.plist */ = {isa = PBXFileReference; lastKnownFileType = text.plist.xml; path = Info.plist; sourceTree = "<group>"; };
		C4B2592622BFD18500098AC8 /* GetLocationInBackgroundTests.xctest */ = {isa = PBXFileReference; explicitFileType = wrapper.cfbundle; includeInIndex = 0; path = GetLocationInBackgroundTests.xctest; sourceTree = BUILT_PRODUCTS_DIR; };
		C4B2592A22BFD18500098AC8 /* GetLocationInBackgroundTests.swift */ = {isa = PBXFileReference; lastKnownFileType = sourcecode.swift; path = GetLocationInBackgroundTests.swift; sourceTree = "<group>"; };
		C4B2592C22BFD18500098AC8 /* Info.plist */ = {isa = PBXFileReference; lastKnownFileType = text.plist.xml; path = Info.plist; sourceTree = "<group>"; };
		C4B2593122BFD18500098AC8 /* GetLocationInBackgroundUITests.xctest */ = {isa = PBXFileReference; explicitFileType = wrapper.cfbundle; includeInIndex = 0; path = GetLocationInBackgroundUITests.xctest; sourceTree = BUILT_PRODUCTS_DIR; };
		C4B2593522BFD18500098AC8 /* GetLocationInBackgroundUITests.swift */ = {isa = PBXFileReference; lastKnownFileType = sourcecode.swift; path = GetLocationInBackgroundUITests.swift; sourceTree = "<group>"; };
		C4B2593722BFD18500098AC8 /* Info.plist */ = {isa = PBXFileReference; lastKnownFileType = text.plist.xml; path = Info.plist; sourceTree = "<group>"; };
/* End PBXFileReference section */

/* Begin PBXFrameworksBuildPhase section */
		C4B2590C22BFD18300098AC8 /* Frameworks */ = {
			isa = PBXFrameworksBuildPhase;
			buildActionMask = 2147483647;
			files = (
			);
			runOnlyForDeploymentPostprocessing = 0;
		};
		C4B2592322BFD18500098AC8 /* Frameworks */ = {
			isa = PBXFrameworksBuildPhase;
			buildActionMask = 2147483647;
			files = (
			);
			runOnlyForDeploymentPostprocessing = 0;
		};
		C4B2592E22BFD18500098AC8 /* Frameworks */ = {
			isa = PBXFrameworksBuildPhase;
			buildActionMask = 2147483647;
			files = (
			);
			runOnlyForDeploymentPostprocessing = 0;
		};
/* End PBXFrameworksBuildPhase section */

/* Begin PBXGroup section */
		C4B2590622BFD18300098AC8 = {
			isa = PBXGroup;
			children = (
				C4B2591122BFD18300098AC8 /* GetLocationInBackground */,
				C4B2592922BFD18500098AC8 /* GetLocationInBackgroundTests */,
				C4B2593422BFD18500098AC8 /* GetLocationInBackgroundUITests */,
				C4B2591022BFD18300098AC8 /* Products */,
			);
			sourceTree = "<group>";
		};
		C4B2591022BFD18300098AC8 /* Products */ = {
			isa = PBXGroup;
			children = (
				C4B2590F22BFD18300098AC8 /* GetLocationInBackground.app */,
				C4B2592622BFD18500098AC8 /* GetLocationInBackgroundTests.xctest */,
				C4B2593122BFD18500098AC8 /* GetLocationInBackgroundUITests.xctest */,
			);
			name = Products;
			sourceTree = "<group>";
		};
		C4B2591122BFD18300098AC8 /* GetLocationInBackground */ = {
			isa = PBXGroup;
			children = (
				C4B2591222BFD18300098AC8 /* AppDelegate.swift */,
				C4B2591422BFD18300098AC8 /* ViewController.swift */,
				C4B2591622BFD18300098AC8 /* Main.storyboard */,
				C4B2591C22BFD18500098AC8 /* Assets.xcassets */,
				C4B2591E22BFD18500098AC8 /* LaunchScreen.storyboard */,
				C4B2592122BFD18500098AC8 /* Info.plist */,
				C4B2591922BFD18300098AC8 /* GetLocationInBackground.xcdatamodeld */,
			);
			path = GetLocationInBackground;
			sourceTree = "<group>";
		};
		C4B2592922BFD18500098AC8 /* GetLocationInBackgroundTests */ = {
			isa = PBXGroup;
			children = (
				C4B2592A22BFD18500098AC8 /* GetLocationInBackgroundTests.swift */,
				C4B2592C22BFD18500098AC8 /* Info.plist */,
			);
			path = GetLocationInBackgroundTests;
			sourceTree = "<group>";
		};
		C4B2593422BFD18500098AC8 /* GetLocationInBackgroundUITests */ = {
			isa = PBXGroup;
			children = (
				C4B2593522BFD18500098AC8 /* GetLocationInBackgroundUITests.swift */,
				C4B2593722BFD18500098AC8 /* Info.plist */,
			);
			path = GetLocationInBackgroundUITests;
			sourceTree = "<group>";
		};
/* End PBXGroup section */

/* Begin PBXNativeTarget section */
		C4B2590E22BFD18300098AC8 /* GetLocationInBackground */ = {
			isa = PBXNativeTarget;
			buildConfigurationList = C4B2593A22BFD18500098AC8 /* Build configuration list for PBXNativeTarget "GetLocationInBackground" */;
			buildPhases = (
				C4B2590B22BFD18300098AC8 /* Sources */,
				C4B2590C22BFD18300098AC8 /* Frameworks */,
				C4B2590D22BFD18300098AC8 /* Resources */,
			);
			buildRules = (
			);
			dependencies = (
			);
			name = GetLocationInBackground;
			productName = GetLocationInBackground;
			productReference = C4B2590F22BFD18300098AC8 /* GetLocationInBackground.app */;
			productType = "com.apple.product-type.application";
		};
		C4B2592522BFD18500098AC8 /* GetLocationInBackgroundTests */ = {
			isa = PBXNativeTarget;
			buildConfigurationList = C4B2593D22BFD18500098AC8 /* Build configuration list for PBXNativeTarget "GetLocationInBackgroundTests" */;
			buildPhases = (
				C4B2592222BFD18500098AC8 /* Sources */,
				C4B2592322BFD18500098AC8 /* Frameworks */,
				C4B2592422BFD18500098AC8 /* Resources */,
			);
			buildRules = (
			);
			dependencies = (
				C4B2592822BFD18500098AC8 /* PBXTargetDependency */,
			);
			name = GetLocationInBackgroundTests;
			productName = GetLocationInBackgroundTests;
			productReference = C4B2592622BFD18500098AC8 /* GetLocationInBackgroundTests.xctest */;
			productType = "com.apple.product-type.bundle.unit-test";
		};
		C4B2593022BFD18500098AC8 /* GetLocationInBackgroundUITests */ = {
			isa = PBXNativeTarget;
			buildConfigurationList = C4B2594022BFD18500098AC8 /* Build configuration list for PBXNativeTarget "GetLocationInBackgroundUITests" */;
			buildPhases = (
				C4B2592D22BFD18500098AC8 /* Sources */,
				C4B2592E22BFD18500098AC8 /* Frameworks */,
				C4B2592F22BFD18500098AC8 /* Resources */,
			);
			buildRules = (
			);
			dependencies = (
				C4B2593322BFD18500098AC8 /* PBXTargetDependency */,
			);
			name = GetLocationInBackgroundUITests;
			productName = GetLocationInBackgroundUITests;
			productReference = C4B2593122BFD18500098AC8 /* GetLocationInBackgroundUITests.xctest */;
			productType = "com.apple.product-type.bundle.ui-testing";
		};
/* End PBXNativeTarget section */

/* Begin PBXProject section */
		C4B2590722BFD18300098AC8 /* Project object */ = {
			isa = PBXProject;
			attributes = {
				LastSwiftUpdateCheck = 1020;
				LastUpgradeCheck = 1020;
				ORGANIZATIONNAME = summer;
				TargetAttributes = {
					C4B2590E22BFD18300098AC8 = {
						CreatedOnToolsVersion = 10.2.1;
					};
					C4B2592522BFD18500098AC8 = {
						CreatedOnToolsVersion = 10.2.1;
						TestTargetID = C4B2590E22BFD18300098AC8;
					};
					C4B2593022BFD18500098AC8 = {
						CreatedOnToolsVersion = 10.2.1;
						TestTargetID = C4B2590E22BFD18300098AC8;
					};
				};
			};
			buildConfigurationList = C4B2590A22BFD18300098AC8 /* Build configuration list for PBXProject "GetLocationInBackground" */;
			compatibilityVersion = "Xcode 9.3";
			developmentRegion = en;
			hasScannedForEncodings = 0;
			knownRegions = (
				en,
				Base,
			);
			mainGroup = C4B2590622BFD18300098AC8;
			productRefGroup = C4B2591022BFD18300098AC8 /* Products */;
			projectDirPath = "";
			projectRoot = "";
			targets = (
				C4B2590E22BFD18300098AC8 /* GetLocationInBackground */,
				C4B2592522BFD18500098AC8 /* GetLocationInBackgroundTests */,
				C4B2593022BFD18500098AC8 /* GetLocationInBackgroundUITests */,
			);
		};
/* End PBXProject section */

/* Begin PBXResourcesBuildPhase section */
		C4B2590D22BFD18300098AC8 /* Resources */ = {
			isa = PBXResourcesBuildPhase;
			buildActionMask = 2147483647;
			files = (
				C4B2592022BFD18500098AC8 /* LaunchScreen.storyboard in Resources */,
				C4B2591D22BFD18500098AC8 /* Assets.xcassets in Resources */,
				C4B2591822BFD18300098AC8 /* Main.storyboard in Resources */,
			);
			runOnlyForDeploymentPostprocessing = 0;
		};
		C4B2592422BFD18500098AC8 /* Resources */ = {
			isa = PBXResourcesBuildPhase;
			buildActionMask = 2147483647;
			files = (
			);
			runOnlyForDeploymentPostprocessing = 0;
		};
		C4B2592F22BFD18500098AC8 /* Resources */ = {
			isa = PBXResourcesBuildPhase;
			buildActionMask = 2147483647;
			files = (
			);
			runOnlyForDeploymentPostprocessing = 0;
		};
/* End PBXResourcesBuildPhase section */

/* Begin PBXSourcesBuildPhase section */
		C4B2590B22BFD18300098AC8 /* Sources */ = {
			isa = PBXSourcesBuildPhase;
			buildActionMask = 2147483647;
			files = (
				C4B2591522BFD18300098AC8 /* ViewController.swift in Sources */,
				C4B2591B22BFD18300098AC8 /* GetLocationInBackground.xcdatamodeld in Sources */,
				C4B2591322BFD18300098AC8 /* AppDelegate.swift in Sources */,
			);
			runOnlyForDeploymentPostprocessing = 0;
		};
		C4B2592222BFD18500098AC8 /* Sources */ = {
			isa = PBXSourcesBuildPhase;
			buildActionMask = 2147483647;
			files = (
				C4B2592B22BFD18500098AC8 /* GetLocationInBackgroundTests.swift in Sources */,
			);
			runOnlyForDeploymentPostprocessing = 0;
		};
		C4B2592D22BFD18500098AC8 /* Sources */ = {
			isa = PBXSourcesBuildPhase;
			buildActionMask = 2147483647;
			files = (
				C4B2593622BFD18500098AC8 /* GetLocationInBackgroundUITests.swift in Sources */,
			);
			runOnlyForDeploymentPostprocessing = 0;
		};
/* End PBXSourcesBuildPhase section */

/* Begin PBXTargetDependency section */
		C4B2592822BFD18500098AC8 /* PBXTargetDependency */ = {
			isa = PBXTargetDependency;
			target = C4B2590E22BFD18300098AC8 /* GetLocationInBackground */;
			targetProxy = C4B2592722BFD18500098AC8 /* PBXContainerItemProxy */;
		};
		C4B2593322BFD18500098AC8 /* PBXTargetDependency */ = {
			isa = PBXTargetDependency;
			target = C4B2590E22BFD18300098AC8 /* GetLocationInBackground */;
			targetProxy = C4B2593222BFD18500098AC8 /* PBXContainerItemProxy */;
		};
/* End PBXTargetDependency section */

/* Begin PBXVariantGroup section */
		C4B2591622BFD18300098AC8 /* Main.storyboard */ = {
			isa = PBXVariantGroup;
			children = (
				C4B2591722BFD18300098AC8 /* Base */,
			);
			name = Main.storyboard;
			sourceTree = "<group>";
		};
		C4B2591E22BFD18500098AC8 /* LaunchScreen.storyboard */ = {
			isa = PBXVariantGroup;
			children = (
				C4B2591F22BFD18500098AC8 /* Base */,
			);
			name = LaunchScreen.storyboard;
			sourceTree = "<group>";
		};
/* End PBXVariantGroup section */

/* Begin XCBuildConfiguration section */
		C4B2593822BFD18500098AC8 /* Debug */ = {
			isa = XCBuildConfiguration;
			buildSettings = {
				ALWAYS_SEARCH_USER_PATHS = NO;
				CLANG_ANALYZER_NONNULL = YES;
				CLANG_ANALYZER_NUMBER_OBJECT_CONVERSION = YES_AGGRESSIVE;
				CLANG_CXX_LANGUAGE_STANDARD = "gnu++14";
				CLANG_CXX_LIBRARY = "libc++";
				CLANG_ENABLE_MODULES = YES;
				CLANG_ENABLE_OBJC_ARC = YES;
				CLANG_ENABLE_OBJC_WEAK = YES;
				CLANG_WARN_BLOCK_CAPTURE_AUTORELEASING = YES;
				CLANG_WARN_BOOL_CONVERSION = YES;
				CLANG_WARN_COMMA = YES;
				CLANG_WARN_CONSTANT_CONVERSION = YES;
				CLANG_WARN_DEPRECATED_OBJC_IMPLEMENTATIONS = YES;
				CLANG_WARN_DIRECT_OBJC_ISA_USAGE = YES_ERROR;
				CLANG_WARN_DOCUMENTATION_COMMENTS = YES;
				CLANG_WARN_EMPTY_BODY = YES;
				CLANG_WARN_ENUM_CONVERSION = YES;
				CLANG_WARN_INFINITE_RECURSION = YES;
				CLANG_WARN_INT_CONVERSION = YES;
				CLANG_WARN_NON_LITERAL_NULL_CONVERSION = YES;
				CLANG_WARN_OBJC_IMPLICIT_RETAIN_SELF = YES;
				CLANG_WARN_OBJC_LITERAL_CONVERSION = YES;
				CLANG_WARN_OBJC_ROOT_CLASS = YES_ERROR;
				CLANG_WARN_RANGE_LOOP_ANALYSIS = YES;
				CLANG_WARN_STRICT_PROTOTYPES = YES;
				CLANG_WARN_SUSPICIOUS_MOVE = YES;
				CLANG_WARN_UNGUARDED_AVAILABILITY = YES_AGGRESSIVE;
				CLANG_WARN_UNREACHABLE_CODE = YES;
				CLANG_WARN__DUPLICATE_METHOD_MATCH = YES;
				CODE_SIGN_IDENTITY = "iPhone Developer";
				COPY_PHASE_STRIP = NO;
				DEBUG_INFORMATION_FORMAT = dwarf;
				ENABLE_STRICT_OBJC_MSGSEND = YES;
				ENABLE_TESTABILITY = YES;
				GCC_C_LANGUAGE_STANDARD = gnu11;
				GCC_DYNAMIC_NO_PIC = NO;
				GCC_NO_COMMON_BLOCKS = YES;
				GCC_OPTIMIZATION_LEVEL = 0;
				GCC_PREPROCESSOR_DEFINITIONS = (
					"DEBUG=1",
					"$(inherited)",
				);
				GCC_WARN_64_TO_32_BIT_CONVERSION = YES;
				GCC_WARN_ABOUT_RETURN_TYPE = YES_ERROR;
				GCC_WARN_UNDECLARED_SELECTOR = YES;
				GCC_WARN_UNINITIALIZED_AUTOS = YES_AGGRESSIVE;
				GCC_WARN_UNUSED_FUNCTION = YES;
				GCC_WARN_UNUSED_VARIABLE = YES;
				IPHONEOS_DEPLOYMENT_TARGET = 12.2;
				MTL_ENABLE_DEBUG_INFO = INCLUDE_SOURCE;
				MTL_FAST_MATH = YES;
				ONLY_ACTIVE_ARCH = YES;
				SDKROOT = iphoneos;
				SWIFT_ACTIVE_COMPILATION_CONDITIONS = DEBUG;
				SWIFT_OPTIMIZATION_LEVEL = "-Onone";
			};
			name = Debug;
		};
		C4B2593922BFD18500098AC8 /* Release */ = {
			isa = XCBuildConfiguration;
			buildSettings = {
				ALWAYS_SEARCH_USER_PATHS = NO;
				CLANG_ANALYZER_NONNULL = YES;
				CLANG_ANALYZER_NUMBER_OBJECT_CONVERSION = YES_AGGRESSIVE;
				CLANG_CXX_LANGUAGE_STANDARD = "gnu++14";
				CLANG_CXX_LIBRARY = "libc++";
				CLANG_ENABLE_MODULES = YES;
				CLANG_ENABLE_OBJC_ARC = YES;
				CLANG_ENABLE_OBJC_WEAK = YES;
				CLANG_WARN_BLOCK_CAPTURE_AUTORELEASING = YES;
				CLANG_WARN_BOOL_CONVERSION = YES;
				CLANG_WARN_COMMA = YES;
				CLANG_WARN_CONSTANT_CONVERSION = YES;
				CLANG_WARN_DEPRECATED_OBJC_IMPLEMENTATIONS = YES;
				CLANG_WARN_DIRECT_OBJC_ISA_USAGE = YES_ERROR;
				CLANG_WARN_DOCUMENTATION_COMMENTS = YES;
				CLANG_WARN_EMPTY_BODY = YES;
				CLANG_WARN_ENUM_CONVERSION = YES;
				CLANG_WARN_INFINITE_RECURSION = YES;
				CLANG_WARN_INT_CONVERSION = YES;
				CLANG_WARN_NON_LITERAL_NULL_CONVERSION = YES;
				CLANG_WARN_OBJC_IMPLICIT_RETAIN_SELF = YES;
				CLANG_WARN_OBJC_LITERAL_CONVERSION = YES;
				CLANG_WARN_OBJC_ROOT_CLASS = YES_ERROR;
				CLANG_WARN_RANGE_LOOP_ANALYSIS = YES;
				CLANG_WARN_STRICT_PROTOTYPES = YES;
				CLANG_WARN_SUSPICIOUS_MOVE = YES;
				CLANG_WARN_UNGUARDED_AVAILABILITY = YES_AGGRESSIVE;
				CLANG_WARN_UNREACHABLE_CODE = YES;
				CLANG_WARN__DUPLICATE_METHOD_MATCH = YES;
				CODE_SIGN_IDENTITY = "iPhone Developer";
				COPY_PHASE_STRIP = NO;
				DEBUG_INFORMATION_FORMAT = "dwarf-with-dsym";
				ENABLE_NS_ASSERTIONS = NO;
				ENABLE_STRICT_OBJC_MSGSEND = YES;
				GCC_C_LANGUAGE_STANDARD = gnu11;
				GCC_NO_COMMON_BLOCKS = YES;
				GCC_WARN_64_TO_32_BIT_CONVERSION = YES;
				GCC_WARN_ABOUT_RETURN_TYPE = YES_ERROR;
				GCC_WARN_UNDECLARED_SELECTOR = YES;
				GCC_WARN_UNINITIALIZED_AUTOS = YES_AGGRESSIVE;
				GCC_WARN_UNUSED_FUNCTION = YES;
				GCC_WARN_UNUSED_VARIABLE = YES;
				IPHONEOS_DEPLOYMENT_TARGET = 12.2;
				MTL_ENABLE_DEBUG_INFO = NO;
				MTL_FAST_MATH = YES;
				SDKROOT = iphoneos;
				SWIFT_COMPILATION_MODE = wholemodule;
				SWIFT_OPTIMIZATION_LEVEL = "-O";
				VALIDATE_PRODUCT = YES;
			};
			name = Release;
		};
		C4B2593B22BFD18500098AC8 /* Debug */ = {
			isa = XCBuildConfiguration;
			buildSettings = {
				ASSETCATALOG_COMPILER_APPICON_NAME = AppIcon;
				CODE_SIGN_STYLE = Automatic;
				INFOPLIST_FILE = GetLocationInBackground/Info.plist;
				LD_RUNPATH_SEARCH_PATHS = (
					"$(inherited)",
					"@executable_path/Frameworks",
				);
				PRODUCT_BUNDLE_IDENTIFIER = tw.com.summer.test.GetLocationInBackground;
				PRODUCT_NAME = "$(TARGET_NAME)";
				SWIFT_VERSION = 5.0;
				TARGETED_DEVICE_FAMILY = "1,2";
			};
			name = Debug;
		};
		C4B2593C22BFD18500098AC8 /* Release */ = {
			isa = XCBuildConfiguration;
			buildSettings = {
				ASSETCATALOG_COMPILER_APPICON_NAME = AppIcon;
				CODE_SIGN_STYLE = Automatic;
				INFOPLIST_FILE = GetLocationInBackground/Info.plist;
				LD_RUNPATH_SEARCH_PATHS = (
					"$(inherited)",
					"@executable_path/Frameworks",
				);
				PRODUCT_BUNDLE_IDENTIFIER = tw.com.summer.test.GetLocationInBackground;
				PRODUCT_NAME = "$(TARGET_NAME)";
				SWIFT_VERSION = 5.0;
				TARGETED_DEVICE_FAMILY = "1,2";
			};
			name = Release;
		};
		C4B2593E22BFD18500098AC8 /* Debug */ = {
			isa = XCBuildConfiguration;
			buildSettings = {
				ALWAYS_EMBED_SWIFT_STANDARD_LIBRARIES = YES;
				BUNDLE_LOADER = "$(TEST_HOST)";
				CODE_SIGN_STYLE = Automatic;
				INFOPLIST_FILE = GetLocationInBackgroundTests/Info.plist;
				LD_RUNPATH_SEARCH_PATHS = (
					"$(inherited)",
					"@executable_path/Frameworks",
					"@loader_path/Frameworks",
				);
				PRODUCT_BUNDLE_IDENTIFIER = tw.com.summer.test.GetLocationInBackgroundTests;
				PRODUCT_NAME = "$(TARGET_NAME)";
				SWIFT_VERSION = 5.0;
				TARGETED_DEVICE_FAMILY = "1,2";
				TEST_HOST = "$(BUILT_PRODUCTS_DIR)/GetLocationInBackground.app/GetLocationInBackground";
			};
			name = Debug;
		};
		C4B2593F22BFD18500098AC8 /* Release */ = {
			isa = XCBuildConfiguration;
			buildSettings = {
				ALWAYS_EMBED_SWIFT_STANDARD_LIBRARIES = YES;
				BUNDLE_LOADER = "$(TEST_HOST)";
				CODE_SIGN_STYLE = Automatic;
				INFOPLIST_FILE = GetLocationInBackgroundTests/Info.plist;
				LD_RUNPATH_SEARCH_PATHS = (
					"$(inherited)",
					"@executable_path/Frameworks",
					"@loader_path/Frameworks",
				);
				PRODUCT_BUNDLE_IDENTIFIER = tw.com.summer.test.GetLocationInBackgroundTests;
				PRODUCT_NAME = "$(TARGET_NAME)";
				SWIFT_VERSION = 5.0;
				TARGETED_DEVICE_FAMILY = "1,2";
				TEST_HOST = "$(BUILT_PRODUCTS_DIR)/GetLocationInBackground.app/GetLocationInBackground";
			};
			name = Release;
		};
		C4B2594122BFD18500098AC8 /* Debug */ = {
			isa = XCBuildConfiguration;
			buildSettings = {
				ALWAYS_EMBED_SWIFT_STANDARD_LIBRARIES = YES;
				CODE_SIGN_STYLE = Automatic;
				INFOPLIST_FILE = GetLocationInBackgroundUITests/Info.plist;
				LD_RUNPATH_SEARCH_PATHS = (
					"$(inherited)",
					"@executable_path/Frameworks",
					"@loader_path/Frameworks",
				);
				PRODUCT_BUNDLE_IDENTIFIER = tw.com.summer.test.GetLocationInBackgroundUITests;
				PRODUCT_NAME = "$(TARGET_NAME)";
				SWIFT_VERSION = 5.0;
				TARGETED_DEVICE_FAMILY = "1,2";
				TEST_TARGET_NAME = GetLocationInBackground;
			};
			name = Debug;
		};
		C4B2594222BFD18500098AC8 /* Release */ = {
			isa = XCBuildConfiguration;
			buildSettings = {
				ALWAYS_EMBED_SWIFT_STANDARD_LIBRARIES = YES;
				CODE_SIGN_STYLE = Automatic;
				INFOPLIST_FILE = GetLocationInBackgroundUITests/Info.plist;
				LD_RUNPATH_SEARCH_PATHS = (
					"$(inherited)",
					"@executable_path/Frameworks",
					"@loader_path/Frameworks",
				);
				PRODUCT_BUNDLE_IDENTIFIER = tw.com.summer.test.GetLocationInBackgroundUITests;
				PRODUCT_NAME = "$(TARGET_NAME)";
				SWIFT_VERSION = 5.0;
				TARGETED_DEVICE_FAMILY = "1,2";
				TEST_TARGET_NAME = GetLocationInBackground;
			};
			name = Release;
		};
/* End XCBuildConfiguration section */

/* Begin XCConfigurationList section */
		C4B2590A22BFD18300098AC8 /* Build configuration list for PBXProject "GetLocationInBackground" */ = {
			isa = XCConfigurationList;
			buildConfigurations = (
				C4B2593822BFD18500098AC8 /* Debug */,
				C4B2593922BFD18500098AC8 /* Release */,
			);
			defaultConfigurationIsVisible = 0;
			defaultConfigurationName = Release;
		};
		C4B2593A22BFD18500098AC8 /* Build configuration list for PBXNativeTarget "GetLocationInBackground" */ = {
			isa = XCConfigurationList;
			buildConfigurations = (
				C4B2593B22BFD18500098AC8 /* Debug */,
				C4B2593C22BFD18500098AC8 /* Release */,
			);
			defaultConfigurationIsVisible = 0;
			defaultConfigurationName = Release;
		};
		C4B2593D22BFD18500098AC8 /* Build configuration list for PBXNativeTarget "GetLocationInBackgroundTests" */ = {
			isa = XCConfigurationList;
			buildConfigurations = (
				C4B2593E22BFD18500098AC8 /* Debug */,
				C4B2593F22BFD18500098AC8 /* Release */,
			);
			defaultConfigurationIsVisible = 0;
			defaultConfigurationName = Release;
		};
		C4B2594022BFD18500098AC8 /* Build configuration list for PBXNativeTarget "GetLocationInBackgroundUITests" */ = {
			isa = XCConfigurationList;
			buildConfigurations = (
				C4B2594122BFD18500098AC8 /* Debug */,
				C4B2594222BFD18500098AC8 /* Release */,
			);
			defaultConfigurationIsVisible = 0;
			defaultConfigurationName = Release;
		};
/* End XCConfigurationList section */

/* Begin XCVersionGroup section */
		C4B2591922BFD18300098AC8 /* GetLocationInBackground.xcdatamodeld */ = {
			isa = XCVersionGroup;
			children = (
				C4B2591A22BFD18300098AC8 /* GetLocationInBackground.xcdatamodel */,
			);
			currentVersion = C4B2591A22BFD18300098AC8 /* GetLocationInBackground.xcdatamodel */;
			path = GetLocationInBackground.xcdatamodeld;
			sourceTree = "<group>";
			versionGroupType = wrapper.xcdatamodel;
		};
/* End XCVersionGroup section */
	};
	rootObject = C4B2590722BFD18300098AC8 /* Project object */;
}
